
Microsoft Visual Studio Solution File, Format Version 12.00
Project("{FAE04EC0-301F-11D3-BF4B-00C04F79EFBC}") = "WebApp", "WebApp\WebApp.csproj", "{3E202D74-8C74-4C92-B3C8-F63C3B5590A5}"
EndProject
Project("{FAE04EC0-301F-11D3-BF4B-00C04F79EFBC}") = "domain", "domain\domain.csproj", "{11E28D51-5088-48BF-94A9-7532C9366D56}"
EndProject
Project("{FAE04EC0-301F-11D3-BF4B-00C04F79EFBC}") = "UnitTests", "UnitTests\UnitTests.csproj", "{50FB0F25-CF37-4014-A45D-84D1FB3C2893}"
EndProject
Global
	GlobalSection(SolutionConfigurationPlatforms) = preSolution
		Debug|Any CPU = Debug|Any CPU
		Release|Any CPU = Release|Any CPU
	EndGlobalSection
	GlobalSection(ProjectConfigurationPlatforms) = postSolution
		{3E202D74-8C74-4C92-B3C8-F63C3B5590A5}.Debug|Any CPU.ActiveCfg = Debug|Any CPU
		{3E202D74-8C74-4C92-B3C8-F63C3B5590A5}.Debug|Any CPU.Build.0 = Debug|Any CPU
		{3E202D74-8C74-4C92-B3C8-F63C3B5590A5}.Release|Any CPU.ActiveCfg = Release|Any CPU
		{3E202D74-8C74-4C92-B3C8-F63C3B5590A5}.Release|Any CPU.Build.0 = Release|Any CPU
		{11E28D51-5088-48BF-94A9-7532C9366D56}.Debug|Any CPU.ActiveCfg = Debug|Any CPU
		{11E28D51-5088-48BF-94A9-7532C9366D56}.Debug|Any CPU.Build.0 = Debug|Any CPU
		{11E28D51-5088-48BF-94A9-7532C9366D56}.Release|Any CPU.ActiveCfg = Release|Any CPU
		{11E28D51-5088-48BF-94A9-7532C9366D56}.Release|Any CPU.Build.0 = Release|Any CPU
		{50FB0F25-CF37-4014-A45D-84D1FB3C2893}.Debug|Any CPU.ActiveCfg = Debug|Any CPU
		{50FB0F25-CF37-4014-A45D-84D1FB3C2893}.Debug|Any CPU.Build.0 = Debug|Any CPU
		{50FB0F25-CF37-4014-A45D-84D1FB3C2893}.Release|Any CPU.ActiveCfg = Release|Any CPU
		{50FB0F25-CF37-4014-A45D-84D1FB3C2893}.Release|Any CPU.Build.0 = Release|Any CPU
	EndGlobalSection
EndGlobal
